
Microsoft Visual Studio Solution File, Format Version 12.00
# Visual Studio Version 17
VisualStudioVersion = 17.11.35219.272
MinimumVisualStudioVersion = 10.0.40219.1
Project("{FAE04EC0-301F-11D3-BF4B-00C04F79EFBC}") = "CommunityAppServer", "CommunityAppServer\CommunityAppServer.csproj", "{DC7063B7-CD1E-43B5-B189-F439B6B8F33F}"
EndProject
Global
	GlobalSection(SolutionConfigurationPlatforms) = preSolution
		Debug|Any CPU = Debug|Any CPU
		Release|Any CPU = Release|Any CPU
	EndGlobalSection
	GlobalSection(ProjectConfigurationPlatforms) = postSolution
		{DC7063B7-CD1E-43B5-B189-F439B6B8F33F}.Debug|Any CPU.ActiveCfg = Debug|Any CPU
		{DC7063B7-CD1E-43B5-B189-F439B6B8F33F}.Debug|Any CPU.Build.0 = Debug|Any CPU
		{DC7063B7-CD1E-43B5-B189-F439B6B8F33F}.Release|Any CPU.ActiveCfg = Release|Any CPU
		{DC7063B7-CD1E-43B5-B189-F439B6B8F33F}.Release|Any CPU.Build.0 = Release|Any CPU
	EndGlobalSection
	GlobalSection(SolutionProperties) = preSolution
		HideSolutionNode = FALSE
	EndGlobalSection
	GlobalSection(ExtensibilityGlobals) = postSolution
		SolutionGuid = {90A0D052-6D80-4793-BB11-C82E0187BE06}
	EndGlobalSection
EndGlobal
